// !$*UTF8*$!
{
	archiveVersion = 1;
	classes = {
	};
	objectVersion = 51;
	objects = {

/* Begin PBXBuildFile section */
		0F5CB0335BFD1C41C28BE409 /* Pods_SwiftUIINewsFeed_SwiftUIINewsFeedUITests.framework in Frameworks */ = {isa = PBXBuildFile; fileRef = 4B5E50A30A3CEB0F93F21795 /* Pods_SwiftUIINewsFeed_SwiftUIINewsFeedUITests.framework */; };
		8F9B05112378628100A7A69A /* Encodable+Helpers.swift in Sources */ = {isa = PBXBuildFile; fileRef = 8F9B05102378628100A7A69A /* Encodable+Helpers.swift */; };
		8F9B05132378630200A7A69A /* Data+Decoding.swift in Sources */ = {isa = PBXBuildFile; fileRef = 8F9B05122378630200A7A69A /* Data+Decoding.swift */; };
		8FC2910C2378592800D6FB9E /* NewsFeedService.swift in Sources */ = {isa = PBXBuildFile; fileRef = 8FC2910B2378592800D6FB9E /* NewsFeedService.swift */; };
		8FDA017C237852DC00B549A3 /* AppDelegate.swift in Sources */ = {isa = PBXBuildFile; fileRef = 8FDA017B237852DC00B549A3 /* AppDelegate.swift */; };
		8FDA017E237852DC00B549A3 /* SceneDelegate.swift in Sources */ = {isa = PBXBuildFile; fileRef = 8FDA017D237852DC00B549A3 /* SceneDelegate.swift */; };
		8FDA0180237852DC00B549A3 /* ContentView.swift in Sources */ = {isa = PBXBuildFile; fileRef = 8FDA017F237852DC00B549A3 /* ContentView.swift */; };
		8FDA0182237852DD00B549A3 /* Assets.xcassets in Resources */ = {isa = PBXBuildFile; fileRef = 8FDA0181237852DD00B549A3 /* Assets.xcassets */; };
		8FDA0185237852DD00B549A3 /* Preview Assets.xcassets in Resources */ = {isa = PBXBuildFile; fileRef = 8FDA0184237852DD00B549A3 /* Preview Assets.xcassets */; };
		8FDA0188237852DD00B549A3 /* LaunchScreen.storyboard in Resources */ = {isa = PBXBuildFile; fileRef = 8FDA0186237852DD00B549A3 /* LaunchScreen.storyboard */; };
		8FDA0193237852DD00B549A3 /* SwiftUIINewsFeedTests.swift in Sources */ = {isa = PBXBuildFile; fileRef = 8FDA0192237852DD00B549A3 /* SwiftUIINewsFeedTests.swift */; };
		8FDA019E237852DD00B549A3 /* SwiftUIINewsFeedUITests.swift in Sources */ = {isa = PBXBuildFile; fileRef = 8FDA019D237852DD00B549A3 /* SwiftUIINewsFeedUITests.swift */; };
		919701A13E6DC124E06EB9F1 /* Pods_SwiftUIINewsFeedTests.framework in Frameworks */ = {isa = PBXBuildFile; fileRef = 70B910F77D87E2FCF1B9F4B1 /* Pods_SwiftUIINewsFeedTests.framework */; };
		96D0190E5002E3DD75F42FC1 /* Pods_SwiftUIINewsFeed.framework in Frameworks */ = {isa = PBXBuildFile; fileRef = F0D80D96F89E6D662B2D112B /* Pods_SwiftUIINewsFeed.framework */; };
/* End PBXBuildFile section */

/* Begin PBXContainerItemProxy section */
		8FDA018F237852DD00B549A3 /* PBXContainerItemProxy */ = {
			isa = PBXContainerItemProxy;
			containerPortal = 8FDA0170237852DC00B549A3 /* Project object */;
			proxyType = 1;
			remoteGlobalIDString = 8FDA0177237852DC00B549A3;
			remoteInfo = SwiftUIINewsFeed;
		};
		8FDA019A237852DD00B549A3 /* PBXContainerItemProxy */ = {
			isa = PBXContainerItemProxy;
			containerPortal = 8FDA0170237852DC00B549A3 /* Project object */;
			proxyType = 1;
			remoteGlobalIDString = 8FDA0177237852DC00B549A3;
			remoteInfo = SwiftUIINewsFeed;
		};
/* End PBXContainerItemProxy section */

/* Begin PBXFileReference section */
		4B5E50A30A3CEB0F93F21795 /* Pods_SwiftUIINewsFeed_SwiftUIINewsFeedUITests.framework */ = {isa = PBXFileReference; explicitFileType = wrapper.framework; includeInIndex = 0; path = Pods_SwiftUIINewsFeed_SwiftUIINewsFeedUITests.framework; sourceTree = BUILT_PRODUCTS_DIR; };
		58E3E41B923E8938C7F20D4E /* Pods-SwiftUIINewsFeed-SwiftUIINewsFeedUITests.release.xcconfig */ = {isa = PBXFileReference; includeInIndex = 1; lastKnownFileType = text.xcconfig; name = "Pods-SwiftUIINewsFeed-SwiftUIINewsFeedUITests.release.xcconfig"; path = "Target Support Files/Pods-SwiftUIINewsFeed-SwiftUIINewsFeedUITests/Pods-SwiftUIINewsFeed-SwiftUIINewsFeedUITests.release.xcconfig"; sourceTree = "<group>"; };
		6ACEC53CE02678F9640C39CA /* Pods-SwiftUIINewsFeed.release.xcconfig */ = {isa = PBXFileReference; includeInIndex = 1; lastKnownFileType = text.xcconfig; name = "Pods-SwiftUIINewsFeed.release.xcconfig"; path = "Target Support Files/Pods-SwiftUIINewsFeed/Pods-SwiftUIINewsFeed.release.xcconfig"; sourceTree = "<group>"; };
		70B910F77D87E2FCF1B9F4B1 /* Pods_SwiftUIINewsFeedTests.framework */ = {isa = PBXFileReference; explicitFileType = wrapper.framework; includeInIndex = 0; path = Pods_SwiftUIINewsFeedTests.framework; sourceTree = BUILT_PRODUCTS_DIR; };
		77254CFC0374071D59A01549 /* Pods-SwiftUIINewsFeedTests.debug.xcconfig */ = {isa = PBXFileReference; includeInIndex = 1; lastKnownFileType = text.xcconfig; name = "Pods-SwiftUIINewsFeedTests.debug.xcconfig"; path = "Target Support Files/Pods-SwiftUIINewsFeedTests/Pods-SwiftUIINewsFeedTests.debug.xcconfig"; sourceTree = "<group>"; };
		842905F60F6B46DEDFE9CD27 /* Pods-SwiftUIINewsFeed-SwiftUIINewsFeedUITests.debug.xcconfig */ = {isa = PBXFileReference; includeInIndex = 1; lastKnownFileType = text.xcconfig; name = "Pods-SwiftUIINewsFeed-SwiftUIINewsFeedUITests.debug.xcconfig"; path = "Target Support Files/Pods-SwiftUIINewsFeed-SwiftUIINewsFeedUITests/Pods-SwiftUIINewsFeed-SwiftUIINewsFeedUITests.debug.xcconfig"; sourceTree = "<group>"; };
		8F9B05102378628100A7A69A /* Encodable+Helpers.swift */ = {isa = PBXFileReference; lastKnownFileType = sourcecode.swift; path = "Encodable+Helpers.swift"; sourceTree = "<group>"; };
		8F9B05122378630200A7A69A /* Data+Decoding.swift */ = {isa = PBXFileReference; lastKnownFileType = sourcecode.swift; path = "Data+Decoding.swift"; sourceTree = "<group>"; };
		8FC2910B2378592800D6FB9E /* NewsFeedService.swift */ = {isa = PBXFileReference; lastKnownFileType = sourcecode.swift; path = NewsFeedService.swift; sourceTree = "<group>"; };
		8FDA0178237852DC00B549A3 /* SwiftUIINewsFeed.app */ = {isa = PBXFileReference; explicitFileType = wrapper.application; includeInIndex = 0; path = SwiftUIINewsFeed.app; sourceTree = BUILT_PRODUCTS_DIR; };
		8FDA017B237852DC00B549A3 /* AppDelegate.swift */ = {isa = PBXFileReference; lastKnownFileType = sourcecode.swift; path = AppDelegate.swift; sourceTree = "<group>"; };
		8FDA017D237852DC00B549A3 /* SceneDelegate.swift */ = {isa = PBXFileReference; lastKnownFileType = sourcecode.swift; path = SceneDelegate.swift; sourceTree = "<group>"; };
		8FDA017F237852DC00B549A3 /* ContentView.swift */ = {isa = PBXFileReference; lastKnownFileType = sourcecode.swift; path = ContentView.swift; sourceTree = "<group>"; };
		8FDA0181237852DD00B549A3 /* Assets.xcassets */ = {isa = PBXFileReference; lastKnownFileType = folder.assetcatalog; path = Assets.xcassets; sourceTree = "<group>"; };
		8FDA0184237852DD00B549A3 /* Preview Assets.xcassets */ = {isa = PBXFileReference; lastKnownFileType = folder.assetcatalog; path = "Preview Assets.xcassets"; sourceTree = "<group>"; };
		8FDA0187237852DD00B549A3 /* Base */ = {isa = PBXFileReference; lastKnownFileType = file.storyboard; name = Base; path = Base.lproj/LaunchScreen.storyboard; sourceTree = "<group>"; };
		8FDA0189237852DD00B549A3 /* Info.plist */ = {isa = PBXFileReference; lastKnownFileType = text.plist.xml; path = Info.plist; sourceTree = "<group>"; };
		8FDA018E237852DD00B549A3 /* SwiftUIINewsFeedTests.xctest */ = {isa = PBXFileReference; explicitFileType = wrapper.cfbundle; includeInIndex = 0; path = SwiftUIINewsFeedTests.xctest; sourceTree = BUILT_PRODUCTS_DIR; };
		8FDA0192237852DD00B549A3 /* SwiftUIINewsFeedTests.swift */ = {isa = PBXFileReference; lastKnownFileType = sourcecode.swift; path = SwiftUIINewsFeedTests.swift; sourceTree = "<group>"; };
		8FDA0194237852DD00B549A3 /* Info.plist */ = {isa = PBXFileReference; lastKnownFileType = text.plist.xml; path = Info.plist; sourceTree = "<group>"; };
		8FDA0199237852DD00B549A3 /* SwiftUIINewsFeedUITests.xctest */ = {isa = PBXFileReference; explicitFileType = wrapper.cfbundle; includeInIndex = 0; path = SwiftUIINewsFeedUITests.xctest; sourceTree = BUILT_PRODUCTS_DIR; };
		8FDA019D237852DD00B549A3 /* SwiftUIINewsFeedUITests.swift */ = {isa = PBXFileReference; lastKnownFileType = sourcecode.swift; path = SwiftUIINewsFeedUITests.swift; sourceTree = "<group>"; };
		8FDA019F237852DD00B549A3 /* Info.plist */ = {isa = PBXFileReference; lastKnownFileType = text.plist.xml; path = Info.plist; sourceTree = "<group>"; };
		9CAE69981A9397267AF1F6E5 /* Pods-SwiftUIINewsFeedTests.release.xcconfig */ = {isa = PBXFileReference; includeInIndex = 1; lastKnownFileType = text.xcconfig; name = "Pods-SwiftUIINewsFeedTests.release.xcconfig"; path = "Target Support Files/Pods-SwiftUIINewsFeedTests/Pods-SwiftUIINewsFeedTests.release.xcconfig"; sourceTree = "<group>"; };
		E7BE521C5E359937BB346430 /* Pods-SwiftUIINewsFeed.debug.xcconfig */ = {isa = PBXFileReference; includeInIndex = 1; lastKnownFileType = text.xcconfig; name = "Pods-SwiftUIINewsFeed.debug.xcconfig"; path = "Target Support Files/Pods-SwiftUIINewsFeed/Pods-SwiftUIINewsFeed.debug.xcconfig"; sourceTree = "<group>"; };
		F0D80D96F89E6D662B2D112B /* Pods_SwiftUIINewsFeed.framework */ = {isa = PBXFileReference; explicitFileType = wrapper.framework; includeInIndex = 0; path = Pods_SwiftUIINewsFeed.framework; sourceTree = BUILT_PRODUCTS_DIR; };
/* End PBXFileReference section */

/* Begin PBXFrameworksBuildPhase section */
		8FDA0175237852DC00B549A3 /* Frameworks */ = {
			isa = PBXFrameworksBuildPhase;
			buildActionMask = 2147483647;
			files = (
				96D0190E5002E3DD75F42FC1 /* Pods_SwiftUIINewsFeed.framework in Frameworks */,
			);
			runOnlyForDeploymentPostprocessing = 0;
		};
		8FDA018B237852DD00B549A3 /* Frameworks */ = {
			isa = PBXFrameworksBuildPhase;
			buildActionMask = 2147483647;
			files = (
				919701A13E6DC124E06EB9F1 /* Pods_SwiftUIINewsFeedTests.framework in Frameworks */,
			);
			runOnlyForDeploymentPostprocessing = 0;
		};
		8FDA0196237852DD00B549A3 /* Frameworks */ = {
			isa = PBXFrameworksBuildPhase;
			buildActionMask = 2147483647;
			files = (
				0F5CB0335BFD1C41C28BE409 /* Pods_SwiftUIINewsFeed_SwiftUIINewsFeedUITests.framework in Frameworks */,
			);
			runOnlyForDeploymentPostprocessing = 0;
		};
/* End PBXFrameworksBuildPhase section */

/* Begin PBXGroup section */
		5544CA0FD3BFA4383318E529 /* Pods */ = {
			isa = PBXGroup;
			children = (
				E7BE521C5E359937BB346430 /* Pods-SwiftUIINewsFeed.debug.xcconfig */,
				6ACEC53CE02678F9640C39CA /* Pods-SwiftUIINewsFeed.release.xcconfig */,
				842905F60F6B46DEDFE9CD27 /* Pods-SwiftUIINewsFeed-SwiftUIINewsFeedUITests.debug.xcconfig */,
				58E3E41B923E8938C7F20D4E /* Pods-SwiftUIINewsFeed-SwiftUIINewsFeedUITests.release.xcconfig */,
				77254CFC0374071D59A01549 /* Pods-SwiftUIINewsFeedTests.debug.xcconfig */,
				9CAE69981A9397267AF1F6E5 /* Pods-SwiftUIINewsFeedTests.release.xcconfig */,
			);
			path = Pods;
			sourceTree = "<group>";
		};
		88A97988796D3DF2418880A5 /* Frameworks */ = {
			isa = PBXGroup;
			children = (
				F0D80D96F89E6D662B2D112B /* Pods_SwiftUIINewsFeed.framework */,
				4B5E50A30A3CEB0F93F21795 /* Pods_SwiftUIINewsFeed_SwiftUIINewsFeedUITests.framework */,
				70B910F77D87E2FCF1B9F4B1 /* Pods_SwiftUIINewsFeedTests.framework */,
			);
			name = Frameworks;
			sourceTree = "<group>";
		};
		8F9B050F2378627400A7A69A /* Common */ = {
			isa = PBXGroup;
			children = (
				8F9B05102378628100A7A69A /* Encodable+Helpers.swift */,
				8F9B05122378630200A7A69A /* Data+Decoding.swift */,
			);
			path = Common;
			sourceTree = "<group>";
		};
		8FC291072378585B00D6FB9E /* Services */ = {
			isa = PBXGroup;
			children = (
				8FC2910A2378591000D6FB9E /* NewsFeedService */,
			);
			path = Services;
			sourceTree = "<group>";
		};
		8FC29108237858F100D6FB9E /* Views */ = {
			isa = PBXGroup;
			children = (
			);
			path = Views;
			sourceTree = "<group>";
		};
		8FC29109237858FA00D6FB9E /* ViewModels */ = {
			isa = PBXGroup;
			children = (
			);
			path = ViewModels;
			sourceTree = "<group>";
		};
		8FC2910A2378591000D6FB9E /* NewsFeedService */ = {
			isa = PBXGroup;
			children = (
				8FC2910B2378592800D6FB9E /* NewsFeedService.swift */,
			);
			path = NewsFeedService;
			sourceTree = "<group>";
		};
		8FDA016F237852DC00B549A3 = {
			isa = PBXGroup;
			children = (
				8FDA017A237852DC00B549A3 /* SwiftUIINewsFeed */,
				8FDA0191237852DD00B549A3 /* SwiftUIINewsFeedTests */,
				8FDA019C237852DD00B549A3 /* SwiftUIINewsFeedUITests */,
				8FDA0179237852DC00B549A3 /* Products */,
				5544CA0FD3BFA4383318E529 /* Pods */,
				88A97988796D3DF2418880A5 /* Frameworks */,
			);
			sourceTree = "<group>";
		};
		8FDA0179237852DC00B549A3 /* Products */ = {
			isa = PBXGroup;
			children = (
				8FDA0178237852DC00B549A3 /* SwiftUIINewsFeed.app */,
				8FDA018E237852DD00B549A3 /* SwiftUIINewsFeedTests.xctest */,
				8FDA0199237852DD00B549A3 /* SwiftUIINewsFeedUITests.xctest */,
			);
			name = Products;
			sourceTree = "<group>";
		};
		8FDA017A237852DC00B549A3 /* SwiftUIINewsFeed */ = {
			isa = PBXGroup;
			children = (
				8F9B050F2378627400A7A69A /* Common */,
				8FC29109237858FA00D6FB9E /* ViewModels */,
				8FC29108237858F100D6FB9E /* Views */,
				8FC291072378585B00D6FB9E /* Services */,
				8FDA017B237852DC00B549A3 /* AppDelegate.swift */,
				8FDA017D237852DC00B549A3 /* SceneDelegate.swift */,
				8FDA017F237852DC00B549A3 /* ContentView.swift */,
				8FDA0181237852DD00B549A3 /* Assets.xcassets */,
				8FDA0186237852DD00B549A3 /* LaunchScreen.storyboard */,
				8FDA0189237852DD00B549A3 /* Info.plist */,
				8FDA0183237852DD00B549A3 /* Preview Content */,
			);
			path = SwiftUIINewsFeed;
			sourceTree = "<group>";
		};
		8FDA0183237852DD00B549A3 /* Preview Content */ = {
			isa = PBXGroup;
			children = (
				8FDA0184237852DD00B549A3 /* Preview Assets.xcassets */,
			);
			path = "Preview Content";
			sourceTree = "<group>";
		};
		8FDA0191237852DD00B549A3 /* SwiftUIINewsFeedTests */ = {
			isa = PBXGroup;
			children = (
				8FDA0192237852DD00B549A3 /* SwiftUIINewsFeedTests.swift */,
				8FDA0194237852DD00B549A3 /* Info.plist */,
			);
			path = SwiftUIINewsFeedTests;
			sourceTree = "<group>";
		};
		8FDA019C237852DD00B549A3 /* SwiftUIINewsFeedUITests */ = {
			isa = PBXGroup;
			children = (
				8FDA019D237852DD00B549A3 /* SwiftUIINewsFeedUITests.swift */,
				8FDA019F237852DD00B549A3 /* Info.plist */,
			);
			path = SwiftUIINewsFeedUITests;
			sourceTree = "<group>";
		};
/* End PBXGroup section */

/* Begin PBXNativeTarget section */
		8FDA0177237852DC00B549A3 /* SwiftUIINewsFeed */ = {
			isa = PBXNativeTarget;
			buildConfigurationList = 8FDA01A2237852DD00B549A3 /* Build configuration list for PBXNativeTarget "SwiftUIINewsFeed" */;
			buildPhases = (
				8FD32835FF91BCF32EC0E08E /* [CP] Check Pods Manifest.lock */,
				8FDA0174237852DC00B549A3 /* Sources */,
				8FDA0175237852DC00B549A3 /* Frameworks */,
				8FDA0176237852DC00B549A3 /* Resources */,
			);
			buildRules = (
			);
			dependencies = (
			);
			name = SwiftUIINewsFeed;
			productName = SwiftUIINewsFeed;
			productReference = 8FDA0178237852DC00B549A3 /* SwiftUIINewsFeed.app */;
			productType = "com.apple.product-type.application";
		};
		8FDA018D237852DD00B549A3 /* SwiftUIINewsFeedTests */ = {
			isa = PBXNativeTarget;
			buildConfigurationList = 8FDA01A5237852DD00B549A3 /* Build configuration list for PBXNativeTarget "SwiftUIINewsFeedTests" */;
			buildPhases = (
				83CE70F71EDF88847F3C199F /* [CP] Check Pods Manifest.lock */,
				8FDA018A237852DD00B549A3 /* Sources */,
				8FDA018B237852DD00B549A3 /* Frameworks */,
				8FDA018C237852DD00B549A3 /* Resources */,
				7F416497455272118D726478 /* [CP] Embed Pods Frameworks */,
			);
			buildRules = (
			);
			dependencies = (
				8FDA0190237852DD00B549A3 /* PBXTargetDependency */,
			);
			name = SwiftUIINewsFeedTests;
			productName = SwiftUIINewsFeedTests;
			productReference = 8FDA018E237852DD00B549A3 /* SwiftUIINewsFeedTests.xctest */;
			productType = "com.apple.product-type.bundle.unit-test";
		};
		8FDA0198237852DD00B549A3 /* SwiftUIINewsFeedUITests */ = {
			isa = PBXNativeTarget;
			buildConfigurationList = 8FDA01A8237852DD00B549A3 /* Build configuration list for PBXNativeTarget "SwiftUIINewsFeedUITests" */;
			buildPhases = (
				0A19DCA899445233C7DBEF5B /* [CP] Check Pods Manifest.lock */,
				8FDA0195237852DD00B549A3 /* Sources */,
				8FDA0196237852DD00B549A3 /* Frameworks */,
				8FDA0197237852DD00B549A3 /* Resources */,
				17AA40E2B0CB5A2903392503 /* [CP] Embed Pods Frameworks */,
			);
			buildRules = (
			);
			dependencies = (
				8FDA019B237852DD00B549A3 /* PBXTargetDependency */,
			);
			name = SwiftUIINewsFeedUITests;
			productName = SwiftUIINewsFeedUITests;
			productReference = 8FDA0199237852DD00B549A3 /* SwiftUIINewsFeedUITests.xctest */;
			productType = "com.apple.product-type.bundle.ui-testing";
		};
/* End PBXNativeTarget section */

/* Begin PBXProject section */
		8FDA0170237852DC00B549A3 /* Project object */ = {
			isa = PBXProject;
			attributes = {
				LastSwiftUpdateCheck = 1120;
				LastUpgradeCheck = 1120;
				ORGANIZATIONNAME = Nonisoft;
				TargetAttributes = {
					8FDA0177237852DC00B549A3 = {
						CreatedOnToolsVersion = 11.2;
					};
					8FDA018D237852DD00B549A3 = {
						CreatedOnToolsVersion = 11.2;
						TestTargetID = 8FDA0177237852DC00B549A3;
					};
					8FDA0198237852DD00B549A3 = {
						CreatedOnToolsVersion = 11.2;
						TestTargetID = 8FDA0177237852DC00B549A3;
					};
				};
			};
			buildConfigurationList = 8FDA0173237852DC00B549A3 /* Build configuration list for PBXProject "SwiftUIINewsFeed" */;
			compatibilityVersion = "Xcode 9.3";
			developmentRegion = en;
			hasScannedForEncodings = 0;
			knownRegions = (
				en,
				Base,
			);
			mainGroup = 8FDA016F237852DC00B549A3;
			productRefGroup = 8FDA0179237852DC00B549A3 /* Products */;
			projectDirPath = "";
			projectRoot = "";
			targets = (
				8FDA0177237852DC00B549A3 /* SwiftUIINewsFeed */,
				8FDA018D237852DD00B549A3 /* SwiftUIINewsFeedTests */,
				8FDA0198237852DD00B549A3 /* SwiftUIINewsFeedUITests */,
			);
		};
/* End PBXProject section */

/* Begin PBXResourcesBuildPhase section */
		8FDA0176237852DC00B549A3 /* Resources */ = {
			isa = PBXResourcesBuildPhase;
			buildActionMask = 2147483647;
			files = (
				8FDA0188237852DD00B549A3 /* LaunchScreen.storyboard in Resources */,
				8FDA0185237852DD00B549A3 /* Preview Assets.xcassets in Resources */,
				8FDA0182237852DD00B549A3 /* Assets.xcassets in Resources */,
			);
			runOnlyForDeploymentPostprocessing = 0;
		};
		8FDA018C237852DD00B549A3 /* Resources */ = {
			isa = PBXResourcesBuildPhase;
			buildActionMask = 2147483647;
			files = (
			);
			runOnlyForDeploymentPostprocessing = 0;
		};
		8FDA0197237852DD00B549A3 /* Resources */ = {
			isa = PBXResourcesBuildPhase;
			buildActionMask = 2147483647;
			files = (
			);
			runOnlyForDeploymentPostprocessing = 0;
		};
/* End PBXResourcesBuildPhase section */

/* Begin PBXShellScriptBuildPhase section */
		0A19DCA899445233C7DBEF5B /* [CP] Check Pods Manifest.lock */ = {
			isa = PBXShellScriptBuildPhase;
			buildActionMask = 2147483647;
			files = (
			);
			inputFileListPaths = (
			);
			inputPaths = (
				"${PODS_PODFILE_DIR_PATH}/Podfile.lock",
				"${PODS_ROOT}/Manifest.lock",
			);
			name = "[CP] Check Pods Manifest.lock";
			outputFileListPaths = (
			);
			outputPaths = (
				"$(DERIVED_FILE_DIR)/Pods-SwiftUIINewsFeed-SwiftUIINewsFeedUITests-checkManifestLockResult.txt",
			);
			runOnlyForDeploymentPostprocessing = 0;
			shellPath = /bin/sh;
			shellScript = "diff \"${PODS_PODFILE_DIR_PATH}/Podfile.lock\" \"${PODS_ROOT}/Manifest.lock\" > /dev/null\nif [ $? != 0 ] ; then\n    # print error to STDERR\n    echo \"error: The sandbox is not in sync with the Podfile.lock. Run 'pod install' or update your CocoaPods installation.\" >&2\n    exit 1\nfi\n# This output is used by Xcode 'outputs' to avoid re-running this script phase.\necho \"SUCCESS\" > \"${SCRIPT_OUTPUT_FILE_0}\"\n";
			showEnvVarsInLog = 0;
		};
		17AA40E2B0CB5A2903392503 /* [CP] Embed Pods Frameworks */ = {
			isa = PBXShellScriptBuildPhase;
			buildActionMask = 2147483647;
			files = (
			);
			inputFileListPaths = (
				"${PODS_ROOT}/Target Support Files/Pods-SwiftUIINewsFeed-SwiftUIINewsFeedUITests/Pods-SwiftUIINewsFeed-SwiftUIINewsFeedUITests-frameworks-${CONFIGURATION}-input-files.xcfilelist",
			);
			name = "[CP] Embed Pods Frameworks";
			outputFileListPaths = (
				"${PODS_ROOT}/Target Support Files/Pods-SwiftUIINewsFeed-SwiftUIINewsFeedUITests/Pods-SwiftUIINewsFeed-SwiftUIINewsFeedUITests-frameworks-${CONFIGURATION}-output-files.xcfilelist",
			);
			runOnlyForDeploymentPostprocessing = 0;
			shellPath = /bin/sh;
			shellScript = "\"${PODS_ROOT}/Target Support Files/Pods-SwiftUIINewsFeed-SwiftUIINewsFeedUITests/Pods-SwiftUIINewsFeed-SwiftUIINewsFeedUITests-frameworks.sh\"\n";
			showEnvVarsInLog = 0;
		};
		7F416497455272118D726478 /* [CP] Embed Pods Frameworks */ = {
			isa = PBXShellScriptBuildPhase;
			buildActionMask = 2147483647;
			files = (
			);
			inputFileListPaths = (
				"${PODS_ROOT}/Target Support Files/Pods-SwiftUIINewsFeedTests/Pods-SwiftUIINewsFeedTests-frameworks-${CONFIGURATION}-input-files.xcfilelist",
			);
			name = "[CP] Embed Pods Frameworks";
			outputFileListPaths = (
				"${PODS_ROOT}/Target Support Files/Pods-SwiftUIINewsFeedTests/Pods-SwiftUIINewsFeedTests-frameworks-${CONFIGURATION}-output-files.xcfilelist",
			);
			runOnlyForDeploymentPostprocessing = 0;
			shellPath = /bin/sh;
			shellScript = "\"${PODS_ROOT}/Target Support Files/Pods-SwiftUIINewsFeedTests/Pods-SwiftUIINewsFeedTests-frameworks.sh\"\n";
			showEnvVarsInLog = 0;
		};
		83CE70F71EDF88847F3C199F /* [CP] Check Pods Manifest.lock */ = {
			isa = PBXShellScriptBuildPhase;
			buildActionMask = 2147483647;
			files = (
			);
			inputFileListPaths = (
			);
			inputPaths = (
				"${PODS_PODFILE_DIR_PATH}/Podfile.lock",
				"${PODS_ROOT}/Manifest.lock",
			);
			name = "[CP] Check Pods Manifest.lock";
			outputFileListPaths = (
			);
			outputPaths = (
				"$(DERIVED_FILE_DIR)/Pods-SwiftUIINewsFeedTests-checkManifestLockResult.txt",
			);
			runOnlyForDeploymentPostprocessing = 0;
			shellPath = /bin/sh;
			shellScript = "diff \"${PODS_PODFILE_DIR_PATH}/Podfile.lock\" \"${PODS_ROOT}/Manifest.lock\" > /dev/null\nif [ $? != 0 ] ; then\n    # print error to STDERR\n    echo \"error: The sandbox is not in sync with the Podfile.lock. Run 'pod install' or update your CocoaPods installation.\" >&2\n    exit 1\nfi\n# This output is used by Xcode 'outputs' to avoid re-running this script phase.\necho \"SUCCESS\" > \"${SCRIPT_OUTPUT_FILE_0}\"\n";
			showEnvVarsInLog = 0;
		};
		8FD32835FF91BCF32EC0E08E /* [CP] Check Pods Manifest.lock */ = {
			isa = PBXShellScriptBuildPhase;
			buildActionMask = 2147483647;
			files = (
			);
			inputFileListPaths = (
			);
			inputPaths = (
				"${PODS_PODFILE_DIR_PATH}/Podfile.lock",
				"${PODS_ROOT}/Manifest.lock",
			);
			name = "[CP] Check Pods Manifest.lock";
			outputFileListPaths = (
			);
			outputPaths = (
				"$(DERIVED_FILE_DIR)/Pods-SwiftUIINewsFeed-checkManifestLockResult.txt",
			);
			runOnlyForDeploymentPostprocessing = 0;
			shellPath = /bin/sh;
			shellScript = "diff \"${PODS_PODFILE_DIR_PATH}/Podfile.lock\" \"${PODS_ROOT}/Manifest.lock\" > /dev/null\nif [ $? != 0 ] ; then\n    # print error to STDERR\n    echo \"error: The sandbox is not in sync with the Podfile.lock. Run 'pod install' or update your CocoaPods installation.\" >&2\n    exit 1\nfi\n# This output is used by Xcode 'outputs' to avoid re-running this script phase.\necho \"SUCCESS\" > \"${SCRIPT_OUTPUT_FILE_0}\"\n";
			showEnvVarsInLog = 0;
		};
/* End PBXShellScriptBuildPhase section */

/* Begin PBXSourcesBuildPhase section */
		8FDA0174237852DC00B549A3 /* Sources */ = {
			isa = PBXSourcesBuildPhase;
			buildActionMask = 2147483647;
			files = (
				8FDA017C237852DC00B549A3 /* AppDelegate.swift in Sources */,
				8FDA017E237852DC00B549A3 /* SceneDelegate.swift in Sources */,
				8FC2910C2378592800D6FB9E /* NewsFeedService.swift in Sources */,
				8F9B05112378628100A7A69A /* Encodable+Helpers.swift in Sources */,
				8F9B05132378630200A7A69A /* Data+Decoding.swift in Sources */,
				8FDA0180237852DC00B549A3 /* ContentView.swift in Sources */,
			);
			runOnlyForDeploymentPostprocessing = 0;
		};
		8FDA018A237852DD00B549A3 /* Sources */ = {
			isa = PBXSourcesBuildPhase;
			buildActionMask = 2147483647;
			files = (
				8FDA0193237852DD00B549A3 /* SwiftUIINewsFeedTests.swift in Sources */,
			);
			runOnlyForDeploymentPostprocessing = 0;
		};
		8FDA0195237852DD00B549A3 /* Sources */ = {
			isa = PBXSourcesBuildPhase;
			buildActionMask = 2147483647;
			files = (
				8FDA019E237852DD00B549A3 /* SwiftUIINewsFeedUITests.swift in Sources */,
			);
			runOnlyForDeploymentPostprocessing = 0;
		};
/* End PBXSourcesBuildPhase section */

/* Begin PBXTargetDependency section */
		8FDA0190237852DD00B549A3 /* PBXTargetDependency */ = {
			isa = PBXTargetDependency;
			target = 8FDA0177237852DC00B549A3 /* SwiftUIINewsFeed */;
			targetProxy = 8FDA018F237852DD00B549A3 /* PBXContainerItemProxy */;
		};
		8FDA019B237852DD00B549A3 /* PBXTargetDependency */ = {
			isa = PBXTargetDependency;
			target = 8FDA0177237852DC00B549A3 /* SwiftUIINewsFeed */;
			targetProxy = 8FDA019A237852DD00B549A3 /* PBXContainerItemProxy */;
		};
/* End PBXTargetDependency section */

/* Begin PBXVariantGroup section */
		8FDA0186237852DD00B549A3 /* LaunchScreen.storyboard */ = {
			isa = PBXVariantGroup;
			children = (
				8FDA0187237852DD00B549A3 /* Base */,
			);
			name = LaunchScreen.storyboard;
			sourceTree = "<group>";
		};
/* End PBXVariantGroup section */

/* Begin XCBuildConfiguration section */
		8FDA01A0237852DD00B549A3 /* Debug */ = {
			isa = XCBuildConfiguration;
			buildSettings = {
				ALWAYS_SEARCH_USER_PATHS = NO;
				CLANG_ANALYZER_NONNULL = YES;
				CLANG_ANALYZER_NUMBER_OBJECT_CONVERSION = YES_AGGRESSIVE;
				CLANG_CXX_LANGUAGE_STANDARD = "gnu++14";
				CLANG_CXX_LIBRARY = "libc++";
				CLANG_ENABLE_MODULES = YES;
				CLANG_ENABLE_OBJC_ARC = YES;
				CLANG_ENABLE_OBJC_WEAK = YES;
				CLANG_WARN_BLOCK_CAPTURE_AUTORELEASING = YES;
				CLANG_WARN_BOOL_CONVERSION = YES;
				CLANG_WARN_COMMA = YES;
				CLANG_WARN_CONSTANT_CONVERSION = YES;
				CLANG_WARN_DEPRECATED_OBJC_IMPLEMENTATIONS = YES;
				CLANG_WARN_DIRECT_OBJC_ISA_USAGE = YES_ERROR;
				CLANG_WARN_DOCUMENTATION_COMMENTS = YES;
				CLANG_WARN_EMPTY_BODY = YES;
				CLANG_WARN_ENUM_CONVERSION = YES;
				CLANG_WARN_INFINITE_RECURSION = YES;
				CLANG_WARN_INT_CONVERSION = YES;
				CLANG_WARN_NON_LITERAL_NULL_CONVERSION = YES;
				CLANG_WARN_OBJC_IMPLICIT_RETAIN_SELF = YES;
				CLANG_WARN_OBJC_LITERAL_CONVERSION = YES;
				CLANG_WARN_OBJC_ROOT_CLASS = YES_ERROR;
				CLANG_WARN_RANGE_LOOP_ANALYSIS = YES;
				CLANG_WARN_STRICT_PROTOTYPES = YES;
				CLANG_WARN_SUSPICIOUS_MOVE = YES;
				CLANG_WARN_UNGUARDED_AVAILABILITY = YES_AGGRESSIVE;
				CLANG_WARN_UNREACHABLE_CODE = YES;
				CLANG_WARN__DUPLICATE_METHOD_MATCH = YES;
				COPY_PHASE_STRIP = NO;
				DEBUG_INFORMATION_FORMAT = dwarf;
				ENABLE_STRICT_OBJC_MSGSEND = YES;
				ENABLE_TESTABILITY = YES;
				GCC_C_LANGUAGE_STANDARD = gnu11;
				GCC_DYNAMIC_NO_PIC = NO;
				GCC_NO_COMMON_BLOCKS = YES;
				GCC_OPTIMIZATION_LEVEL = 0;
				GCC_PREPROCESSOR_DEFINITIONS = (
					"DEBUG=1",
					"$(inherited)",
				);
				GCC_WARN_64_TO_32_BIT_CONVERSION = YES;
				GCC_WARN_ABOUT_RETURN_TYPE = YES_ERROR;
				GCC_WARN_UNDECLARED_SELECTOR = YES;
				GCC_WARN_UNINITIALIZED_AUTOS = YES_AGGRESSIVE;
				GCC_WARN_UNUSED_FUNCTION = YES;
				GCC_WARN_UNUSED_VARIABLE = YES;
				IPHONEOS_DEPLOYMENT_TARGET = 13.2;
				MTL_ENABLE_DEBUG_INFO = INCLUDE_SOURCE;
				MTL_FAST_MATH = YES;
				ONLY_ACTIVE_ARCH = YES;
				SDKROOT = iphoneos;
				SWIFT_ACTIVE_COMPILATION_CONDITIONS = DEBUG;
				SWIFT_OPTIMIZATION_LEVEL = "-Onone";
			};
			name = Debug;
		};
		8FDA01A1237852DD00B549A3 /* Release */ = {
			isa = XCBuildConfiguration;
			buildSettings = {
				ALWAYS_SEARCH_USER_PATHS = NO;
				CLANG_ANALYZER_NONNULL = YES;
				CLANG_ANALYZER_NUMBER_OBJECT_CONVERSION = YES_AGGRESSIVE;
				CLANG_CXX_LANGUAGE_STANDARD = "gnu++14";
				CLANG_CXX_LIBRARY = "libc++";
				CLANG_ENABLE_MODULES = YES;
				CLANG_ENABLE_OBJC_ARC = YES;
				CLANG_ENABLE_OBJC_WEAK = YES;
				CLANG_WARN_BLOCK_CAPTURE_AUTORELEASING = YES;
				CLANG_WARN_BOOL_CONVERSION = YES;
				CLANG_WARN_COMMA = YES;
				CLANG_WARN_CONSTANT_CONVERSION = YES;
				CLANG_WARN_DEPRECATED_OBJC_IMPLEMENTATIONS = YES;
				CLANG_WARN_DIRECT_OBJC_ISA_USAGE = YES_ERROR;
				CLANG_WARN_DOCUMENTATION_COMMENTS = YES;
				CLANG_WARN_EMPTY_BODY = YES;
				CLANG_WARN_ENUM_CONVERSION = YES;
				CLANG_WARN_INFINITE_RECURSION = YES;
				CLANG_WARN_INT_CONVERSION = YES;
				CLANG_WARN_NON_LITERAL_NULL_CONVERSION = YES;
				CLANG_WARN_OBJC_IMPLICIT_RETAIN_SELF = YES;
				CLANG_WARN_OBJC_LITERAL_CONVERSION = YES;
				CLANG_WARN_OBJC_ROOT_CLASS = YES_ERROR;
				CLANG_WARN_RANGE_LOOP_ANALYSIS = YES;
				CLANG_WARN_STRICT_PROTOTYPES = YES;
				CLANG_WARN_SUSPICIOUS_MOVE = YES;
				CLANG_WARN_UNGUARDED_AVAILABILITY = YES_AGGRESSIVE;
				CLANG_WARN_UNREACHABLE_CODE = YES;
				CLANG_WARN__DUPLICATE_METHOD_MATCH = YES;
				COPY_PHASE_STRIP = NO;
				DEBUG_INFORMATION_FORMAT = "dwarf-with-dsym";
				ENABLE_NS_ASSERTIONS = NO;
				ENABLE_STRICT_OBJC_MSGSEND = YES;
				GCC_C_LANGUAGE_STANDARD = gnu11;
				GCC_NO_COMMON_BLOCKS = YES;
				GCC_WARN_64_TO_32_BIT_CONVERSION = YES;
				GCC_WARN_ABOUT_RETURN_TYPE = YES_ERROR;
				GCC_WARN_UNDECLARED_SELECTOR = YES;
				GCC_WARN_UNINITIALIZED_AUTOS = YES_AGGRESSIVE;
				GCC_WARN_UNUSED_FUNCTION = YES;
				GCC_WARN_UNUSED_VARIABLE = YES;
				IPHONEOS_DEPLOYMENT_TARGET = 13.2;
				MTL_ENABLE_DEBUG_INFO = NO;
				MTL_FAST_MATH = YES;
				SDKROOT = iphoneos;
				SWIFT_COMPILATION_MODE = wholemodule;
				SWIFT_OPTIMIZATION_LEVEL = "-O";
				VALIDATE_PRODUCT = YES;
			};
			name = Release;
		};
		8FDA01A3237852DD00B549A3 /* Debug */ = {
			isa = XCBuildConfiguration;
			baseConfigurationReference = E7BE521C5E359937BB346430 /* Pods-SwiftUIINewsFeed.debug.xcconfig */;
			buildSettings = {
				ASSETCATALOG_COMPILER_APPICON_NAME = AppIcon;
				CODE_SIGN_STYLE = Automatic;
				DEVELOPMENT_ASSET_PATHS = "\"SwiftUIINewsFeed/Preview Content\"";
				DEVELOPMENT_TEAM = JN3KGSH4SJ;
				ENABLE_PREVIEWS = YES;
				INFOPLIST_FILE = SwiftUIINewsFeed/Info.plist;
				LD_RUNPATH_SEARCH_PATHS = (
					"$(inherited)",
					"@executable_path/Frameworks",
				);
				PRODUCT_BUNDLE_IDENTIFIER = com.newsfeed.nonisoft.SwiftUIINewsFeed;
				PRODUCT_NAME = "$(TARGET_NAME)";
				SWIFT_VERSION = 5.0;
				TARGETED_DEVICE_FAMILY = "1,2";
			};
			name = Debug;
		};
		8FDA01A4237852DD00B549A3 /* Release */ = {
			isa = XCBuildConfiguration;
			baseConfigurationReference = 6ACEC53CE02678F9640C39CA /* Pods-SwiftUIINewsFeed.release.xcconfig */;
			buildSettings = {
				ASSETCATALOG_COMPILER_APPICON_NAME = AppIcon;
				CODE_SIGN_STYLE = Automatic;
				DEVELOPMENT_ASSET_PATHS = "\"SwiftUIINewsFeed/Preview Content\"";
				DEVELOPMENT_TEAM = JN3KGSH4SJ;
				ENABLE_PREVIEWS = YES;
				INFOPLIST_FILE = SwiftUIINewsFeed/Info.plist;
				LD_RUNPATH_SEARCH_PATHS = (
					"$(inherited)",
					"@executable_path/Frameworks",
				);
				PRODUCT_BUNDLE_IDENTIFIER = com.newsfeed.nonisoft.SwiftUIINewsFeed;
				PRODUCT_NAME = "$(TARGET_NAME)";
				SWIFT_VERSION = 5.0;
				TARGETED_DEVICE_FAMILY = "1,2";
			};
			name = Release;
		};
		8FDA01A6237852DD00B549A3 /* Debug */ = {
			isa = XCBuildConfiguration;
			baseConfigurationReference = 77254CFC0374071D59A01549 /* Pods-SwiftUIINewsFeedTests.debug.xcconfig */;
			buildSettings = {
				ALWAYS_EMBED_SWIFT_STANDARD_LIBRARIES = "$(inherited)";
				BUNDLE_LOADER = "$(TEST_HOST)";
				CODE_SIGN_STYLE = Automatic;
				DEVELOPMENT_TEAM = JN3KGSH4SJ;
				INFOPLIST_FILE = SwiftUIINewsFeedTests/Info.plist;
				IPHONEOS_DEPLOYMENT_TARGET = 13.2;
				LD_RUNPATH_SEARCH_PATHS = (
					"$(inherited)",
					"@executable_path/Frameworks",
					"@loader_path/Frameworks",
				);
				PRODUCT_BUNDLE_IDENTIFIER = com.newsfeed.nonisoft.SwiftUIINewsFeedTests;
				PRODUCT_NAME = "$(TARGET_NAME)";
				SWIFT_VERSION = 5.0;
				TARGETED_DEVICE_FAMILY = "1,2";
				TEST_HOST = "$(BUILT_PRODUCTS_DIR)/SwiftUIINewsFeed.app/SwiftUIINewsFeed";
			};
			name = Debug;
		};
		8FDA01A7237852DD00B549A3 /* Release */ = {
			isa = XCBuildConfiguration;
			baseConfigurationReference = 9CAE69981A9397267AF1F6E5 /* Pods-SwiftUIINewsFeedTests.release.xcconfig */;
			buildSettings = {
				ALWAYS_EMBED_SWIFT_STANDARD_LIBRARIES = "$(inherited)";
				BUNDLE_LOADER = "$(TEST_HOST)";
				CODE_SIGN_STYLE = Automatic;
				DEVELOPMENT_TEAM = JN3KGSH4SJ;
				INFOPLIST_FILE = SwiftUIINewsFeedTests/Info.plist;
				IPHONEOS_DEPLOYMENT_TARGET = 13.2;
				LD_RUNPATH_SEARCH_PATHS = (
					"$(inherited)",
					"@executable_path/Frameworks",
					"@loader_path/Frameworks",
				);
				PRODUCT_BUNDLE_IDENTIFIER = com.newsfeed.nonisoft.SwiftUIINewsFeedTests;
				PRODUCT_NAME = "$(TARGET_NAME)";
				SWIFT_VERSION = 5.0;
				TARGETED_DEVICE_FAMILY = "1,2";
				TEST_HOST = "$(BUILT_PRODUCTS_DIR)/SwiftUIINewsFeed.app/SwiftUIINewsFeed";
			};
			name = Release;
		};
		8FDA01A9237852DD00B549A3 /* Debug */ = {
			isa = XCBuildConfiguration;
			baseConfigurationReference = 842905F60F6B46DEDFE9CD27 /* Pods-SwiftUIINewsFeed-SwiftUIINewsFeedUITests.debug.xcconfig */;
			buildSettings = {
				ALWAYS_EMBED_SWIFT_STANDARD_LIBRARIES = "$(inherited)";
				CODE_SIGN_STYLE = Automatic;
				DEVELOPMENT_TEAM = JN3KGSH4SJ;
				INFOPLIST_FILE = SwiftUIINewsFeedUITests/Info.plist;
				LD_RUNPATH_SEARCH_PATHS = (
					"$(inherited)",
					"@executable_path/Frameworks",
					"@loader_path/Frameworks",
				);
				PRODUCT_BUNDLE_IDENTIFIER = com.newsfeed.nonisoft.SwiftUIINewsFeedUITests;
				PRODUCT_NAME = "$(TARGET_NAME)";
				SWIFT_VERSION = 5.0;
				TARGETED_DEVICE_FAMILY = "1,2";
				TEST_TARGET_NAME = SwiftUIINewsFeed;
			};
			name = Debug;
		};
		8FDA01AA237852DD00B549A3 /* Release */ = {
			isa = XCBuildConfiguration;
			baseConfigurationReference = 58E3E41B923E8938C7F20D4E /* Pods-SwiftUIINewsFeed-SwiftUIINewsFeedUITests.release.xcconfig */;
			buildSettings = {
				ALWAYS_EMBED_SWIFT_STANDARD_LIBRARIES = "$(inherited)";
				CODE_SIGN_STYLE = Automatic;
				DEVELOPMENT_TEAM = JN3KGSH4SJ;
				INFOPLIST_FILE = SwiftUIINewsFeedUITests/Info.plist;
				LD_RUNPATH_SEARCH_PATHS = (
					"$(inherited)",
					"@executable_path/Frameworks",
					"@loader_path/Frameworks",
				);
				PRODUCT_BUNDLE_IDENTIFIER = com.newsfeed.nonisoft.SwiftUIINewsFeedUITests;
				PRODUCT_NAME = "$(TARGET_NAME)";
				SWIFT_VERSION = 5.0;
				TARGETED_DEVICE_FAMILY = "1,2";
				TEST_TARGET_NAME = SwiftUIINewsFeed;
			};
			name = Release;
		};
/* End XCBuildConfiguration section */

/* Begin XCConfigurationList section */
		8FDA0173237852DC00B549A3 /* Build configuration list for PBXProject "SwiftUIINewsFeed" */ = {
			isa = XCConfigurationList;
			buildConfigurations = (
				8FDA01A0237852DD00B549A3 /* Debug */,
				8FDA01A1237852DD00B549A3 /* Release */,
			);
			defaultConfigurationIsVisible = 0;
			defaultConfigurationName = Release;
		};
		8FDA01A2237852DD00B549A3 /* Build configuration list for PBXNativeTarget "SwiftUIINewsFeed" */ = {
			isa = XCConfigurationList;
			buildConfigurations = (
				8FDA01A3237852DD00B549A3 /* Debug */,
				8FDA01A4237852DD00B549A3 /* Release */,
			);
			defaultConfigurationIsVisible = 0;
			defaultConfigurationName = Release;
		};
		8FDA01A5237852DD00B549A3 /* Build configuration list for PBXNativeTarget "SwiftUIINewsFeedTests" */ = {
			isa = XCConfigurationList;
			buildConfigurations = (
				8FDA01A6237852DD00B549A3 /* Debug */,
				8FDA01A7237852DD00B549A3 /* Release */,
			);
			defaultConfigurationIsVisible = 0;
			defaultConfigurationName = Release;
		};
		8FDA01A8237852DD00B549A3 /* Build configuration list for PBXNativeTarget "SwiftUIINewsFeedUITests" */ = {
			isa = XCConfigurationList;
			buildConfigurations = (
				8FDA01A9237852DD00B549A3 /* Debug */,
				8FDA01AA237852DD00B549A3 /* Release */,
			);
			defaultConfigurationIsVisible = 0;
			defaultConfigurationName = Release;
		};
/* End XCConfigurationList section */
	};
	rootObject = 8FDA0170237852DC00B549A3 /* Project object */;
}
